{
  "version": 4,
  "terraform_version": "1.5.7",
  "serial": 269,
  "lineage": "22168d6f-4d7d-5efc-39b1-166d0a22afa5",
  "outputs": {},
  "resources": [
    {
      "mode": "managed",
      "type": "vault_database_secret_backend_connection",
      "name": "redis",
      "provider": "provider[\"registry.terraform.io/hashicorp/vault\"]",
      "instances": [
        {
          "schema_version": 0,
          "attributes": {
            "allowed_roles": [
              "redis-dynamic-role"
            ],
            "backend": "database/redis",
            "cassandra": [],
            "couchbase": [],
            "data": {},
            "disable_automated_rotation": false,
            "elasticsearch": [],
            "hana": [],
            "id": "database/redis/config/my-redis-database",
            "influxdb": [],
            "mongodb": [],
            "mongodbatlas": [],
            "mssql": [],
            "mysql": [],
            "mysql_aurora": [],
            "mysql_legacy": [],
            "mysql_rds": [],
            "name": "my-redis-database",
            "namespace": null,
            "oracle": [],
            "plugin_name": "redis-database-plugin",
            "postgresql": [],
            "redis": [
              {
                "ca_cert": "0",
                "host": "redis",
                "insecure_tls": false,
                "password": "SuperSecretPass123",
                "port": 6379,
                "tls": false,
                "username": "vault-dynamic-user"
              }
            ],
            "redis_elasticache": [],
            "redshift": [],
            "root_rotation_statements": [],
            "rotation_period": 0,
            "rotation_schedule": "",
            "rotation_window": 0,
            "snowflake": [],
            "verify_connection": true
          },
          "sensitive_attributes": [],
          "private": "bnVsbA==",
          "dependencies": [
            "vault_mount.database"
          ]
        }
      ]
    },
    {
      "mode": "managed",
      "type": "vault_database_secret_backend_role",
      "name": "redis_dynamic_admin_role",
      "provider": "provider[\"registry.terraform.io/hashicorp/vault\"]",
      "instances": [
        {
          "schema_version": 0,
          "attributes": {
            "backend": "database/redis",
            "creation_statements": [
              "[\"~*\", \"+@all\"]"
            ],
            "credential_config": null,
            "credential_type": "password",
            "db_name": "my-redis-database",
            "default_ttl": 1800,
            "id": "database/redis/roles/redis-dynamic-admin-role",
            "max_ttl": 7200,
            "name": "redis-dynamic-admin-role",
            "namespace": null,
            "renew_statements": null,
            "revocation_statements": null,
            "rollback_statements": null
          },
          "sensitive_attributes": [],
          "private": "bnVsbA==",
          "dependencies": [
            "vault_database_secret_backend_connection.redis",
            "vault_mount.database"
          ]
        }
      ]
    },
    {
      "mode": "managed",
      "type": "vault_database_secret_backend_role",
      "name": "redis_dynamic_readonly_role",
      "provider": "provider[\"registry.terraform.io/hashicorp/vault\"]",
      "instances": [
        {
          "schema_version": 0,
          "attributes": {
            "backend": "database/redis",
            "creation_statements": [
              "[\"~*\", \"+@read\", \"+info\", \"+ping\"]"
            ],
            "credential_config": null,
            "credential_type": "password",
            "db_name": "my-redis-database",
            "default_ttl": 7200,
            "id": "database/redis/roles/redis-dynamic-readonly-role",
            "max_ttl": 86400,
            "name": "redis-dynamic-readonly-role",
            "namespace": null,
            "renew_statements": null,
            "revocation_statements": null,
            "rollback_statements": null
          },
          "sensitive_attributes": [],
          "private": "bnVsbA==",
          "dependencies": [
            "vault_database_secret_backend_connection.redis",
            "vault_mount.database"
          ]
        }
      ]
    },
    {
      "mode": "managed",
      "type": "vault_database_secret_backend_role",
      "name": "redis_dynamic_role",
      "provider": "provider[\"registry.terraform.io/hashicorp/vault\"]",
      "instances": [
        {
          "schema_version": 0,
          "attributes": {
            "backend": "database/redis",
            "creation_statements": [
              "[\"~*\", \"+@read\", \"+@write\", \"-@dangerous\"]"
            ],
            "credential_config": null,
            "credential_type": "password",
            "db_name": "my-redis-database",
            "default_ttl": 3600,
            "id": "database/redis/roles/redis-dynamic-role",
            "max_ttl": 86400,
            "name": "redis-dynamic-role",
            "namespace": null,
            "renew_statements": [],
            "revocation_statements": [],
            "rollback_statements": []
          },
          "sensitive_attributes": [],
          "private": "bnVsbA==",
          "dependencies": [
            "vault_database_secret_backend_connection.redis",
            "vault_mount.database"
          ]
        }
      ]
    },
    {
      "mode": "managed",
      "type": "vault_mount",
      "name": "database",
      "provider": "provider[\"registry.terraform.io/hashicorp/vault\"]",
      "instances": [
        {
          "schema_version": 0,
          "attributes": {
            "accessor": "database_9fbb9d02",
            "allowed_managed_keys": [],
            "allowed_response_headers": [],
            "audit_non_hmac_request_keys": [],
            "audit_non_hmac_response_keys": [],
            "default_lease_ttl_seconds": 0,
            "delegated_auth_accessors": null,
            "description": "Database secrets engine for Redis credential mangement",
            "external_entropy_access": false,
            "id": "database/redis",
            "identity_token_key": "",
            "listing_visibility": "",
            "local": false,
            "max_lease_ttl_seconds": 0,
            "namespace": null,
            "options": {},
            "passthrough_request_headers": [],
            "path": "database/redis",
            "plugin_version": null,
            "seal_wrap": false,
            "type": "database"
          },
          "sensitive_attributes": [],
          "private": "bnVsbA=="
        }
      ]
    }
  ],
  "check_results": null
}
